
Microsoft Visual Studio Solution File, Format Version 12.00
# Visual Studio 15
VisualStudioVersion = 15.0.26730.16
MinimumVisualStudioVersion = 10.0.40219.1
Project("{FAE04EC0-301F-11D3-BF4B-00C04F79EFBC}") = "SaladilloFit", "SaladilloFit\SaladilloFit\SaladilloFit.csproj", "{371CF0C4-EEE2-4FEE-8460-022977FCDD05}"
EndProject
Project("{FAE04EC0-301F-11D3-BF4B-00C04F79EFBC}") = "SaladilloFit.UWP", "SaladilloFit\SaladilloFit.UWP\SaladilloFit.UWP.csproj", "{6EA5B54C-9315-48E0-8E0F-DBC29C26B0CB}"
EndProject
Global
	GlobalSection(SolutionConfigurationPlatforms) = preSolution
		Ad-Hoc|Any CPU = Ad-Hoc|Any CPU
		Ad-Hoc|ARM = Ad-Hoc|ARM
		Ad-Hoc|iPhone = Ad-Hoc|iPhone
		Ad-Hoc|iPhoneSimulator = Ad-Hoc|iPhoneSimulator
		Ad-Hoc|x64 = Ad-Hoc|x64
		Ad-Hoc|x86 = Ad-Hoc|x86
		AppStore|Any CPU = AppStore|Any CPU
		AppStore|ARM = AppStore|ARM
		AppStore|iPhone = AppStore|iPhone
		AppStore|iPhoneSimulator = AppStore|iPhoneSimulator
		AppStore|x64 = AppStore|x64
		AppStore|x86 = AppStore|x86
		Debug|Any CPU = Debug|Any CPU
		Debug|ARM = Debug|ARM
		Debug|iPhone = Debug|iPhone
		Debug|iPhoneSimulator = Debug|iPhoneSimulator
		Debug|x64 = Debug|x64
		Debug|x86 = Debug|x86
		Release|Any CPU = Release|Any CPU
		Release|ARM = Release|ARM
		Release|iPhone = Release|iPhone
		Release|iPhoneSimulator = Release|iPhoneSimulator
		Release|x64 = Release|x64
		Release|x86 = Release|x86
	EndGlobalSection
	GlobalSection(ProjectConfigurationPlatforms) = postSolution
		{371CF0C4-EEE2-4FEE-8460-022977FCDD05}.Ad-Hoc|Any CPU.ActiveCfg = Release|Any CPU
		{371CF0C4-EEE2-4FEE-8460-022977FCDD05}.Ad-Hoc|Any CPU.Build.0 = Release|Any CPU
		{371CF0C4-EEE2-4FEE-8460-022977FCDD05}.Ad-Hoc|ARM.ActiveCfg = Release|Any CPU
		{371CF0C4-EEE2-4FEE-8460-022977FCDD05}.Ad-Hoc|ARM.Build.0 = Release|Any CPU
		{371CF0C4-EEE2-4FEE-8460-022977FCDD05}.Ad-Hoc|iPhone.ActiveCfg = Release|Any CPU
		{371CF0C4-EEE2-4FEE-8460-022977FCDD05}.Ad-Hoc|iPhone.Build.0 = Release|Any CPU
		{371CF0C4-EEE2-4FEE-8460-022977FCDD05}.Ad-Hoc|iPhoneSimulator.ActiveCfg = Release|Any CPU
		{371CF0C4-EEE2-4FEE-8460-022977FCDD05}.Ad-Hoc|iPhoneSimulator.Build.0 = Release|Any CPU
		{371CF0C4-EEE2-4FEE-8460-022977FCDD05}.Ad-Hoc|x64.ActiveCfg = Release|Any CPU
		{371CF0C4-EEE2-4FEE-8460-022977FCDD05}.Ad-Hoc|x64.Build.0 = Release|Any CPU
		{371CF0C4-EEE2-4FEE-8460-022977FCDD05}.Ad-Hoc|x86.ActiveCfg = Release|Any CPU
		{371CF0C4-EEE2-4FEE-8460-022977FCDD05}.Ad-Hoc|x86.Build.0 = Release|Any CPU
		{371CF0C4-EEE2-4FEE-8460-022977FCDD05}.AppStore|Any CPU.ActiveCfg = Release|Any CPU
		{371CF0C4-EEE2-4FEE-8460-022977FCDD05}.AppStore|Any CPU.Build.0 = Release|Any CPU
		{371CF0C4-EEE2-4FEE-8460-022977FCDD05}.AppStore|ARM.ActiveCfg = Release|Any CPU
		{371CF0C4-EEE2-4FEE-8460-022977FCDD05}.AppStore|ARM.Build.0 = Release|Any CPU
		{371CF0C4-EEE2-4FEE-8460-022977FCDD05}.AppStore|iPhone.ActiveCfg = Release|Any CPU
		{371CF0C4-EEE2-4FEE-8460-022977FCDD05}.AppStore|iPhone.Build.0 = Release|Any CPU
		{371CF0C4-EEE2-4FEE-8460-022977FCDD05}.AppStore|iPhoneSimulator.ActiveCfg = Release|Any CPU
		{371CF0C4-EEE2-4FEE-8460-022977FCDD05}.AppStore|iPhoneSimulator.Build.0 = Release|Any CPU
		{371CF0C4-EEE2-4FEE-8460-022977FCDD05}.AppStore|x64.ActiveCfg = Release|Any CPU
		{371CF0C4-EEE2-4FEE-8460-022977FCDD05}.AppStore|x64.Build.0 = Release|Any CPU
		{371CF0C4-EEE2-4FEE-8460-022977FCDD05}.AppStore|x86.ActiveCfg = Release|Any CPU
		{371CF0C4-EEE2-4FEE-8460-022977FCDD05}.AppStore|x86.Build.0 = Release|Any CPU
		{371CF0C4-EEE2-4FEE-8460-022977FCDD05}.Debug|Any CPU.ActiveCfg = Debug|Any CPU
		{371CF0C4-EEE2-4FEE-8460-022977FCDD05}.Debug|Any CPU.Build.0 = Debug|Any CPU
		{371CF0C4-EEE2-4FEE-8460-022977FCDD05}.Debug|ARM.ActiveCfg = Debug|Any CPU
		{371CF0C4-EEE2-4FEE-8460-022977FCDD05}.Debug|ARM.Build.0 = Debug|Any CPU
		{371CF0C4-EEE2-4FEE-8460-022977FCDD05}.Debug|iPhone.ActiveCfg = Debug|Any CPU
		{371CF0C4-EEE2-4FEE-8460-022977FCDD05}.Debug|iPhone.Build.0 = Debug|Any CPU
		{371CF0C4-EEE2-4FEE-8460-022977FCDD05}.Debug|iPhoneSimulator.ActiveCfg = Debug|Any CPU
		{371CF0C4-EEE2-4FEE-8460-022977FCDD05}.Debug|iPhoneSimulator.Build.0 = Debug|Any CPU
		{371CF0C4-EEE2-4FEE-8460-022977FCDD05}.Debug|x64.ActiveCfg = Debug|Any CPU
		{371CF0C4-EEE2-4FEE-8460-022977FCDD05}.Debug|x64.Build.0 = Debug|Any CPU
		{371CF0C4-EEE2-4FEE-8460-022977FCDD05}.Debug|x86.ActiveCfg = Debug|Any CPU
		{371CF0C4-EEE2-4FEE-8460-022977FCDD05}.Debug|x86.Build.0 = Debug|Any CPU
		{371CF0C4-EEE2-4FEE-8460-022977FCDD05}.Release|Any CPU.ActiveCfg = Release|Any CPU
		{371CF0C4-EEE2-4FEE-8460-022977FCDD05}.Release|Any CPU.Build.0 = Release|Any CPU
		{371CF0C4-EEE2-4FEE-8460-022977FCDD05}.Release|ARM.ActiveCfg = Release|Any CPU
		{371CF0C4-EEE2-4FEE-8460-022977FCDD05}.Release|ARM.Build.0 = Release|Any CPU
		{371CF0C4-EEE2-4FEE-8460-022977FCDD05}.Release|iPhone.ActiveCfg = Release|Any CPU
		{371CF0C4-EEE2-4FEE-8460-022977FCDD05}.Release|iPhone.Build.0 = Release|Any CPU
		{371CF0C4-EEE2-4FEE-8460-022977FCDD05}.Release|iPhoneSimulator.ActiveCfg = Release|Any CPU
		{371CF0C4-EEE2-4FEE-8460-022977FCDD05}.Release|iPhoneSimulator.Build.0 = Release|Any CPU
		{371CF0C4-EEE2-4FEE-8460-022977FCDD05}.Release|x64.ActiveCfg = Release|Any CPU
		{371CF0C4-EEE2-4FEE-8460-022977FCDD05}.Release|x64.Build.0 = Release|Any CPU
		{371CF0C4-EEE2-4FEE-8460-022977FCDD05}.Release|x86.ActiveCfg = Release|Any CPU
		{371CF0C4-EEE2-4FEE-8460-022977FCDD05}.Release|x86.Build.0 = Release|Any CPU
		{6EA5B54C-9315-48E0-8E0F-DBC29C26B0CB}.Ad-Hoc|Any CPU.ActiveCfg = Release|x86
		{6EA5B54C-9315-48E0-8E0F-DBC29C26B0CB}.Ad-Hoc|Any CPU.Build.0 = Release|x86
		{6EA5B54C-9315-48E0-8E0F-DBC29C26B0CB}.Ad-Hoc|Any CPU.Deploy.0 = Release|x86
		{6EA5B54C-9315-48E0-8E0F-DBC29C26B0CB}.Ad-Hoc|ARM.ActiveCfg = Release|ARM
		{6EA5B54C-9315-48E0-8E0F-DBC29C26B0CB}.Ad-Hoc|ARM.Build.0 = Release|ARM
		{6EA5B54C-9315-48E0-8E0F-DBC29C26B0CB}.Ad-Hoc|ARM.Deploy.0 = Release|ARM
		{6EA5B54C-9315-48E0-8E0F-DBC29C26B0CB}.Ad-Hoc|iPhone.ActiveCfg = Release|x86
		{6EA5B54C-9315-48E0-8E0F-DBC29C26B0CB}.Ad-Hoc|iPhone.Build.0 = Release|x86
		{6EA5B54C-9315-48E0-8E0F-DBC29C26B0CB}.Ad-Hoc|iPhone.Deploy.0 = Release|x86
		{6EA5B54C-9315-48E0-8E0F-DBC29C26B0CB}.Ad-Hoc|iPhoneSimulator.ActiveCfg = Release|x86
		{6EA5B54C-9315-48E0-8E0F-DBC29C26B0CB}.Ad-Hoc|iPhoneSimulator.Build.0 = Release|x86
		{6EA5B54C-9315-48E0-8E0F-DBC29C26B0CB}.Ad-Hoc|iPhoneSimulator.Deploy.0 = Release|x86
		{6EA5B54C-9315-48E0-8E0F-DBC29C26B0CB}.Ad-Hoc|x64.ActiveCfg = Release|x64
		{6EA5B54C-9315-48E0-8E0F-DBC29C26B0CB}.Ad-Hoc|x64.Build.0 = Release|x64
		{6EA5B54C-9315-48E0-8E0F-DBC29C26B0CB}.Ad-Hoc|x64.Deploy.0 = Release|x64
		{6EA5B54C-9315-48E0-8E0F-DBC29C26B0CB}.Ad-Hoc|x86.ActiveCfg = Release|x86
		{6EA5B54C-9315-48E0-8E0F-DBC29C26B0CB}.Ad-Hoc|x86.Build.0 = Release|x86
		{6EA5B54C-9315-48E0-8E0F-DBC29C26B0CB}.Ad-Hoc|x86.Deploy.0 = Release|x86
		{6EA5B54C-9315-48E0-8E0F-DBC29C26B0CB}.AppStore|Any CPU.ActiveCfg = Release|x86
		{6EA5B54C-9315-48E0-8E0F-DBC29C26B0CB}.AppStore|Any CPU.Build.0 = Release|x86
		{6EA5B54C-9315-48E0-8E0F-DBC29C26B0CB}.AppStore|Any CPU.Deploy.0 = Release|x86
		{6EA5B54C-9315-48E0-8E0F-DBC29C26B0CB}.AppStore|ARM.ActiveCfg = Release|ARM
		{6EA5B54C-9315-48E0-8E0F-DBC29C26B0CB}.AppStore|ARM.Build.0 = Release|ARM
		{6EA5B54C-9315-48E0-8E0F-DBC29C26B0CB}.AppStore|ARM.Deploy.0 = Release|ARM
		{6EA5B54C-9315-48E0-8E0F-DBC29C26B0CB}.AppStore|iPhone.ActiveCfg = Release|x86
		{6EA5B54C-9315-48E0-8E0F-DBC29C26B0CB}.AppStore|iPhone.Build.0 = Release|x86
		{6EA5B54C-9315-48E0-8E0F-DBC29C26B0CB}.AppStore|iPhone.Deploy.0 = Release|x86
		{6EA5B54C-9315-48E0-8E0F-DBC29C26B0CB}.AppStore|iPhoneSimulator.ActiveCfg = Release|x86
		{6EA5B54C-9315-48E0-8E0F-DBC29C26B0CB}.AppStore|iPhoneSimulator.Build.0 = Release|x86
		{6EA5B54C-9315-48E0-8E0F-DBC29C26B0CB}.AppStore|iPhoneSimulator.Deploy.0 = Release|x86
		{6EA5B54C-9315-48E0-8E0F-DBC29C26B0CB}.AppStore|x64.ActiveCfg = Release|x64
		{6EA5B54C-9315-48E0-8E0F-DBC29C26B0CB}.AppStore|x64.Build.0 = Release|x64
		{6EA5B54C-9315-48E0-8E0F-DBC29C26B0CB}.AppStore|x64.Deploy.0 = Release|x64
		{6EA5B54C-9315-48E0-8E0F-DBC29C26B0CB}.AppStore|x86.ActiveCfg = Release|x86
		{6EA5B54C-9315-48E0-8E0F-DBC29C26B0CB}.AppStore|x86.Build.0 = Release|x86
		{6EA5B54C-9315-48E0-8E0F-DBC29C26B0CB}.AppStore|x86.Deploy.0 = Release|x86
		{6EA5B54C-9315-48E0-8E0F-DBC29C26B0CB}.Debug|Any CPU.ActiveCfg = Debug|x86
		{6EA5B54C-9315-48E0-8E0F-DBC29C26B0CB}.Debug|ARM.ActiveCfg = Debug|ARM
		{6EA5B54C-9315-48E0-8E0F-DBC29C26B0CB}.Debug|ARM.Build.0 = Debug|ARM
		{6EA5B54C-9315-48E0-8E0F-DBC29C26B0CB}.Debug|ARM.Deploy.0 = Debug|ARM
		{6EA5B54C-9315-48E0-8E0F-DBC29C26B0CB}.Debug|iPhone.ActiveCfg = Debug|x86
		{6EA5B54C-9315-48E0-8E0F-DBC29C26B0CB}.Debug|iPhoneSimulator.ActiveCfg = Debug|x86
		{6EA5B54C-9315-48E0-8E0F-DBC29C26B0CB}.Debug|x64.ActiveCfg = Debug|x64
		{6EA5B54C-9315-48E0-8E0F-DBC29C26B0CB}.Debug|x64.Build.0 = Debug|x64
		{6EA5B54C-9315-48E0-8E0F-DBC29C26B0CB}.Debug|x64.Deploy.0 = Debug|x64
		{6EA5B54C-9315-48E0-8E0F-DBC29C26B0CB}.Debug|x86.ActiveCfg = Debug|x86
		{6EA5B54C-9315-48E0-8E0F-DBC29C26B0CB}.Debug|x86.Build.0 = Debug|x86
		{6EA5B54C-9315-48E0-8E0F-DBC29C26B0CB}.Debug|x86.Deploy.0 = Debug|x86
		{6EA5B54C-9315-48E0-8E0F-DBC29C26B0CB}.Release|Any CPU.ActiveCfg = Release|x86
		{6EA5B54C-9315-48E0-8E0F-DBC29C26B0CB}.Release|ARM.ActiveCfg = Release|ARM
		{6EA5B54C-9315-48E0-8E0F-DBC29C26B0CB}.Release|ARM.Build.0 = Release|ARM
		{6EA5B54C-9315-48E0-8E0F-DBC29C26B0CB}.Release|ARM.Deploy.0 = Release|ARM
		{6EA5B54C-9315-48E0-8E0F-DBC29C26B0CB}.Release|iPhone.ActiveCfg = Release|x86
		{6EA5B54C-9315-48E0-8E0F-DBC29C26B0CB}.Release|iPhoneSimulator.ActiveCfg = Release|x86
		{6EA5B54C-9315-48E0-8E0F-DBC29C26B0CB}.Release|x64.ActiveCfg = Release|x64
		{6EA5B54C-9315-48E0-8E0F-DBC29C26B0CB}.Release|x64.Build.0 = Release|x64
		{6EA5B54C-9315-48E0-8E0F-DBC29C26B0CB}.Release|x64.Deploy.0 = Release|x64
		{6EA5B54C-9315-48E0-8E0F-DBC29C26B0CB}.Release|x86.ActiveCfg = Release|x86
		{6EA5B54C-9315-48E0-8E0F-DBC29C26B0CB}.Release|x86.Build.0 = Release|x86
		{6EA5B54C-9315-48E0-8E0F-DBC29C26B0CB}.Release|x86.Deploy.0 = Release|x86
	EndGlobalSection
	GlobalSection(SolutionProperties) = preSolution
		HideSolutionNode = FALSE
	EndGlobalSection
	GlobalSection(ExtensibilityGlobals) = postSolution
		SolutionGuid = {B1875632-1035-40CA-9945-93F9E479C79C}
	EndGlobalSection
EndGlobal
